// !$*UTF8*$!
{
	archiveVersion = 1;
	classes = {
	};
	objectVersion = 50;
	objects = {

/* Begin PBXBuildFile section */
		F482B3C625C6B1FA007FAF11 /* BlurOverlayApp.swift in Sources */ = {isa = PBXBuildFile; fileRef = F482B3C525C6B1FA007FAF11 /* BlurOverlayApp.swift */; };
		F482B3C825C6B1FA007FAF11 /* ContentView.swift in Sources */ = {isa = PBXBuildFile; fileRef = F482B3C725C6B1FA007FAF11 /* ContentView.swift */; };
		F482B3CA25C6B1FB007FAF11 /* Assets.xcassets in Resources */ = {isa = PBXBuildFile; fileRef = F482B3C925C6B1FB007FAF11 /* Assets.xcassets */; };
		F482B3CD25C6B1FB007FAF11 /* Preview Assets.xcassets in Resources */ = {isa = PBXBuildFile; fileRef = F482B3CC25C6B1FB007FAF11 /* Preview Assets.xcassets */; };
		F482B3DA25C6B398007FAF11 /* IceCube.swift in Sources */ = {isa = PBXBuildFile; fileRef = F482B3D925C6B398007FAF11 /* IceCube.swift */; };
/* End PBXBuildFile section */

/* Begin PBXFileReference section */
		F482B3C225C6B1FA007FAF11 /* BlurOverlay.app */ = {isa = PBXFileReference; explicitFileType = wrapper.application; includeInIndex = 0; path = BlurOverlay.app; sourceTree = BUILT_PRODUCTS_DIR; };
		F482B3C525C6B1FA007FAF11 /* BlurOverlayApp.swift */ = {isa = PBXFileReference; lastKnownFileType = sourcecode.swift; path = BlurOverlayApp.swift; sourceTree = "<group>"; };
		F482B3C725C6B1FA007FAF11 /* ContentView.swift */ = {isa = PBXFileReference; lastKnownFileType = sourcecode.swift; path = ContentView.swift; sourceTree = "<group>"; };
		F482B3C925C6B1FB007FAF11 /* Assets.xcassets */ = {isa = PBXFileReference; lastKnownFileType = folder.assetcatalog; path = Assets.xcassets; sourceTree = "<group>"; };
		F482B3CC25C6B1FB007FAF11 /* Preview Assets.xcassets */ = {isa = PBXFileReference; lastKnownFileType = folder.assetcatalog; path = "Preview Assets.xcassets"; sourceTree = "<group>"; };
		F482B3CE25C6B1FB007FAF11 /* Info.plist */ = {isa = PBXFileReference; lastKnownFileType = text.plist.xml; path = Info.plist; sourceTree = "<group>"; };
		F482B3D925C6B398007FAF11 /* IceCube.swift */ = {isa = PBXFileReference; lastKnownFileType = sourcecode.swift; path = IceCube.swift; sourceTree = "<group>"; };
/* End PBXFileReference section */

/* Begin PBXFrameworksBuildPhase section */
		F482B3BF25C6B1FA007FAF11 /* Frameworks */ = {
			isa = PBXFrameworksBuildPhase;
			buildActionMask = 2147483647;
			files = (
			);
			runOnlyForDeploymentPostprocessing = 0;
		};
/* End PBXFrameworksBuildPhase section */

/* Begin PBXGroup section */
		F482B3B925C6B1FA007FAF11 = {
			isa = PBXGroup;
			children = (
				F482B3C425C6B1FA007FAF11 /* BlurOverlay */,
				F482B3C325C6B1FA007FAF11 /* Products */,
			);
			sourceTree = "<group>";
		};
		F482B3C325C6B1FA007FAF11 /* Products */ = {
			isa = PBXGroup;
			children = (
				F482B3C225C6B1FA007FAF11 /* BlurOverlay.app */,
			);
			name = Products;
			sourceTree = "<group>";
		};
		F482B3C425C6B1FA007FAF11 /* BlurOverlay */ = {
			isa = PBXGroup;
			children = (
				F482B3C525C6B1FA007FAF11 /* BlurOverlayApp.swift */,
				F482B3C725C6B1FA007FAF11 /* ContentView.swift */,
				F482B3D925C6B398007FAF11 /* IceCube.swift */,
				F482B3C925C6B1FB007FAF11 /* Assets.xcassets */,
				F482B3CE25C6B1FB007FAF11 /* Info.plist */,
				F482B3CB25C6B1FB007FAF11 /* Preview Content */,
			);
			path = BlurOverlay;
			sourceTree = "<group>";
		};
		F482B3CB25C6B1FB007FAF11 /* Preview Content */ = {
			isa = PBXGroup;
			children = (
				F482B3CC25C6B1FB007FAF11 /* Preview Assets.xcassets */,
			);
			path = "Preview Content";
			sourceTree = "<group>";
		};
/* End PBXGroup section */

/* Begin PBXNativeTarget section */
		F482B3C125C6B1FA007FAF11 /* BlurOverlay */ = {
			isa = PBXNativeTarget;
			buildConfigurationList = F482B3D125C6B1FB007FAF11 /* Build configuration list for PBXNativeTarget "BlurOverlay" */;
			buildPhases = (
				F482B3BE25C6B1FA007FAF11 /* Sources */,
				F482B3BF25C6B1FA007FAF11 /* Frameworks */,
				F482B3C025C6B1FA007FAF11 /* Resources */,
			);
			buildRules = (
			);
			dependencies = (
			);
			name = BlurOverlay;
			productName = BlurOverlay;
			productReference = F482B3C225C6B1FA007FAF11 /* BlurOverlay.app */;
			productType = "com.apple.product-type.application";
		};
/* End PBXNativeTarget section */

/* Begin PBXProject section */
		F482B3BA25C6B1FA007FAF11 /* Project object */ = {
			isa = PBXProject;
			attributes = {
				LastSwiftUpdateCheck = 1230;
				LastUpgradeCheck = 1230;
				TargetAttributes = {
					F482B3C125C6B1FA007FAF11 = {
						CreatedOnToolsVersion = 12.3;
					};
				};
			};
			buildConfigurationList = F482B3BD25C6B1FA007FAF11 /* Build configuration list for PBXProject "BlurOverlay" */;
			compatibilityVersion = "Xcode 9.3";
			developmentRegion = en;
			hasScannedForEncodings = 0;
			knownRegions = (
				en,
				Base,
			);
			mainGroup = F482B3B925C6B1FA007FAF11;
			productRefGroup = F482B3C325C6B1FA007FAF11 /* Products */;
			projectDirPath = "";
			projectRoot = "";
			targets = (
				F482B3C125C6B1FA007FAF11 /* BlurOverlay */,
			);
		};
/* End PBXProject section */

/* Begin PBXResourcesBuildPhase section */
		F482B3C025C6B1FA007FAF11 /* Resources */ = {
			isa = PBXResourcesBuildPhase;
			buildActionMask = 2147483647;
			files = (
				F482B3CD25C6B1FB007FAF11 /* Preview Assets.xcassets in Resources */,
				F482B3CA25C6B1FB007FAF11 /* Assets.xcassets in Resources */,
			);
			runOnlyForDeploymentPostprocessing = 0;
		};
/* End PBXResourcesBuildPhase section */

/* Begin PBXSourcesBuildPhase section */
		F482B3BE25C6B1FA007FAF11 /* Sources */ = {
			isa = PBXSourcesBuildPhase;
			buildActionMask = 2147483647;
			files = (
				F482B3DA25C6B398007FAF11 /* IceCube.swift in Sources */,
				F482B3C825C6B1FA007FAF11 /* ContentView.swift in Sources */,
				F482B3C625C6B1FA007FAF11 /* BlurOverlayApp.swift in Sources */,
			);
			runOnlyForDeploymentPostprocessing = 0;
		};
/* End PBXSourcesBuildPhase section */

/* Begin XCBuildConfiguration section */
		F482B3CF25C6B1FB007FAF11 /* Debug */ = {
			isa = XCBuildConfiguration;
			buildSettings = {
				ALWAYS_SEARCH_USER_PATHS = NO;
				CLANG_ANALYZER_NONNULL = YES;
				CLANG_ANALYZER_NUMBER_OBJECT_CONVERSION = YES_AGGRESSIVE;
				CLANG_CXX_LANGUAGE_STANDARD = "gnu++14";
				CLANG_CXX_LIBRARY = "libc++";
				CLANG_ENABLE_MODULES = YES;
				CLANG_ENABLE_OBJC_ARC = YES;
				CLANG_ENABLE_OBJC_WEAK = YES;
				CLANG_WARN_BLOCK_CAPTURE_AUTORELEASING = YES;
				CLANG_WARN_BOOL_CONVERSION = YES;
				CLANG_WARN_COMMA = YES;
				CLANG_WARN_CONSTANT_CONVERSION = YES;
				CLANG_WARN_DEPRECATED_OBJC_IMPLEMENTATIONS = YES;
				CLANG_WARN_DIRECT_OBJC_ISA_USAGE = YES_ERROR;
				CLANG_WARN_DOCUMENTATION_COMMENTS = YES;
				CLANG_WARN_EMPTY_BODY = YES;
				CLANG_WARN_ENUM_CONVERSION = YES;
				CLANG_WARN_INFINITE_RECURSION = YES;
				CLANG_WARN_INT_CONVERSION = YES;
				CLANG_WARN_NON_LITERAL_NULL_CONVERSION = YES;
				CLANG_WARN_OBJC_IMPLICIT_RETAIN_SELF = YES;
				CLANG_WARN_OBJC_LITERAL_CONVERSION = YES;
				CLANG_WARN_OBJC_ROOT_CLASS = YES_ERROR;
				CLANG_WARN_QUOTED_INCLUDE_IN_FRAMEWORK_HEADER = YES;
				CLANG_WARN_RANGE_LOOP_ANALYSIS = YES;
				CLANG_WARN_STRICT_PROTOTYPES = YES;
				CLANG_WARN_SUSPICIOUS_MOVE = YES;
				CLANG_WARN_UNGUARDED_AVAILABILITY = YES_AGGRESSIVE;
				CLANG_WARN_UNREACHABLE_CODE = YES;
				CLANG_WARN__DUPLICATE_METHOD_MATCH = YES;
				COPY_PHASE_STRIP = NO;
				DEBUG_INFORMATION_FORMAT = dwarf;
				ENABLE_STRICT_OBJC_MSGSEND = YES;
				ENABLE_TESTABILITY = YES;
				GCC_C_LANGUAGE_STANDARD = gnu11;
				GCC_DYNAMIC_NO_PIC = NO;
				GCC_NO_COMMON_BLOCKS = YES;
				GCC_OPTIMIZATION_LEVEL = 0;
				GCC_PREPROCESSOR_DEFINITIONS = (
					"DEBUG=1",
					"$(inherited)",
				);
				GCC_WARN_64_TO_32_BIT_CONVERSION = YES;
				GCC_WARN_ABOUT_RETURN_TYPE = YES_ERROR;
				GCC_WARN_UNDECLARED_SELECTOR = YES;
				GCC_WARN_UNINITIALIZED_AUTOS = YES_AGGRESSIVE;
				GCC_WARN_UNUSED_FUNCTION = YES;
				GCC_WARN_UNUSED_VARIABLE = YES;
				IPHONEOS_DEPLOYMENT_TARGET = 14.3;
				MTL_ENABLE_DEBUG_INFO = INCLUDE_SOURCE;
				MTL_FAST_MATH = YES;
				ONLY_ACTIVE_ARCH = YES;
				SDKROOT = iphoneos;
				SWIFT_ACTIVE_COMPILATION_CONDITIONS = DEBUG;
				SWIFT_OPTIMIZATION_LEVEL = "-Onone";
			};
			name = Debug;
		};
		F482B3D025C6B1FB007FAF11 /* Release */ = {
			isa = XCBuildConfiguration;
			buildSettings = {
				ALWAYS_SEARCH_USER_PATHS = NO;
				CLANG_ANALYZER_NONNULL = YES;
				CLANG_ANALYZER_NUMBER_OBJECT_CONVERSION = YES_AGGRESSIVE;
				CLANG_CXX_LANGUAGE_STANDARD = "gnu++14";
				CLANG_CXX_LIBRARY = "libc++";
				CLANG_ENABLE_MODULES = YES;
				CLANG_ENABLE_OBJC_ARC = YES;
				CLANG_ENABLE_OBJC_WEAK = YES;
				CLANG_WARN_BLOCK_CAPTURE_AUTORELEASING = YES;
				CLANG_WARN_BOOL_CONVERSION = YES;
				CLANG_WARN_COMMA = YES;
				CLANG_WARN_CONSTANT_CONVERSION = YES;
				CLANG_WARN_DEPRECATED_OBJC_IMPLEMENTATIONS = YES;
				CLANG_WARN_DIRECT_OBJC_ISA_USAGE = YES_ERROR;
				CLANG_WARN_DOCUMENTATION_COMMENTS = YES;
				CLANG_WARN_EMPTY_BODY = YES;
				CLANG_WARN_ENUM_CONVERSION = YES;
				CLANG_WARN_INFINITE_RECURSION = YES;
				CLANG_WARN_INT_CONVERSION = YES;
				CLANG_WARN_NON_LITERAL_NULL_CONVERSION = YES;
				CLANG_WARN_OBJC_IMPLICIT_RETAIN_SELF = YES;
				CLANG_WARN_OBJC_LITERAL_CONVERSION = YES;
				CLANG_WARN_OBJC_ROOT_CLASS = YES_ERROR;
				CLANG_WARN_QUOTED_INCLUDE_IN_FRAMEWORK_HEADER = YES;
				CLANG_WARN_RANGE_LOOP_ANALYSIS = YES;
				CLANG_WARN_STRICT_PROTOTYPES = YES;
				CLANG_WARN_SUSPICIOUS_MOVE = YES;
				CLANG_WARN_UNGUARDED_AVAILABILITY = YES_AGGRESSIVE;
				CLANG_WARN_UNREACHABLE_CODE = YES;
				CLANG_WARN__DUPLICATE_METHOD_MATCH = YES;
				COPY_PHASE_STRIP = NO;
				DEBUG_INFORMATION_FORMAT = "dwarf-with-dsym";
				ENABLE_NS_ASSERTIONS = NO;
				ENABLE_STRICT_OBJC_MSGSEND = YES;
				GCC_C_LANGUAGE_STANDARD = gnu11;
				GCC_NO_COMMON_BLOCKS = YES;
				GCC_WARN_64_TO_32_BIT_CONVERSION = YES;
				GCC_WARN_ABOUT_RETURN_TYPE = YES_ERROR;
				GCC_WARN_UNDECLARED_SELECTOR = YES;
				GCC_WARN_UNINITIALIZED_AUTOS = YES_AGGRESSIVE;
				GCC_WARN_UNUSED_FUNCTION = YES;
				GCC_WARN_UNUSED_VARIABLE = YES;
				IPHONEOS_DEPLOYMENT_TARGET = 14.3;
				MTL_ENABLE_DEBUG_INFO = NO;
				MTL_FAST_MATH = YES;
				SDKROOT = iphoneos;
				SWIFT_COMPILATION_MODE = wholemodule;
				SWIFT_OPTIMIZATION_LEVEL = "-O";
				VALIDATE_PRODUCT = YES;
			};
			name = Release;
		};
		F482B3D225C6B1FB007FAF11 /* Debug */ = {
			isa = XCBuildConfiguration;
			buildSettings = {
				ASSETCATALOG_COMPILER_APPICON_NAME = AppIcon;
				ASSETCATALOG_COMPILER_GLOBAL_ACCENT_COLOR_NAME = AccentColor;
				CODE_SIGN_STYLE = Automatic;
				DEVELOPMENT_ASSET_PATHS = "\"BlurOverlay/Preview Content\"";
				DEVELOPMENT_TEAM = ENAZ3377RP;
				ENABLE_PREVIEWS = YES;
				INFOPLIST_FILE = BlurOverlay/Info.plist;
				IPHONEOS_DEPLOYMENT_TARGET = 14.0;
				LD_RUNPATH_SEARCH_PATHS = (
					"$(inherited)",
					"@executable_path/Frameworks",
				);
				PRODUCT_BUNDLE_IDENTIFIER = com.gymsymbol.BlurOverlay;
				PRODUCT_NAME = "$(TARGET_NAME)";
				SWIFT_VERSION = 5.0;
				TARGETED_DEVICE_FAMILY = "1,2";
			};
			name = Debug;
		};
		F482B3D325C6B1FB007FAF11 /* Release */ = {
			isa = XCBuildConfiguration;
			buildSettings = {
				ASSETCATALOG_COMPILER_APPICON_NAME = AppIcon;
				ASSETCATALOG_COMPILER_GLOBAL_ACCENT_COLOR_NAME = AccentColor;
				CODE_SIGN_STYLE = Automatic;
				DEVELOPMENT_ASSET_PATHS = "\"BlurOverlay/Preview Content\"";
				DEVELOPMENT_TEAM = ENAZ3377RP;
				ENABLE_PREVIEWS = YES;
				INFOPLIST_FILE = BlurOverlay/Info.plist;
				IPHONEOS_DEPLOYMENT_TARGET = 14.0;
				LD_RUNPATH_SEARCH_PATHS = (
					"$(inherited)",
					"@executable_path/Frameworks",
				);
				PRODUCT_BUNDLE_IDENTIFIER = com.gymsymbol.BlurOverlay;
				PRODUCT_NAME = "$(TARGET_NAME)";
				SWIFT_VERSION = 5.0;
				TARGETED_DEVICE_FAMILY = "1,2";
			};
			name = Release;
		};
/* End XCBuildConfiguration section */

/* Begin XCConfigurationList section */
		F482B3BD25C6B1FA007FAF11 /* Build configuration list for PBXProject "BlurOverlay" */ = {
			isa = XCConfigurationList;
			buildConfigurations = (
				F482B3CF25C6B1FB007FAF11 /* Debug */,
				F482B3D025C6B1FB007FAF11 /* Release */,
			);
			defaultConfigurationIsVisible = 0;
			defaultConfigurationName = Release;
		};
		F482B3D125C6B1FB007FAF11 /* Build configuration list for PBXNativeTarget "BlurOverlay" */ = {
			isa = XCConfigurationList;
			buildConfigurations = (
				F482B3D225C6B1FB007FAF11 /* Debug */,
				F482B3D325C6B1FB007FAF11 /* Release */,
			);
			defaultConfigurationIsVisible = 0;
			defaultConfigurationName = Release;
		};
/* End XCConfigurationList section */
	};
	rootObject = F482B3BA25C6B1FA007FAF11 /* Project object */;
}
